Microsoft Visual Studio Solution File, Format Version 12.00
# Visual Studio 2012
Project("{FAE04EC0-301F-11D3-BF4B-00C04F79EFBC}") = "Fixed AGGJ 2018", "Fixed AGGJ 2018.csproj", "{613B40CC-3527-446D-B371-DCA304E74584}"
EndProject
Global
	GlobalSection(SolutionConfigurationPlatforms) = preSolution
	Debug|Any CPU = Debug|Any CPU
	ExportDebug|Any CPU = ExportDebug|Any CPU
	ExportRelease|Any CPU = ExportRelease|Any CPU
	EndGlobalSection
	GlobalSection(ProjectConfigurationPlatforms) = postSolution
		{613B40CC-3527-446D-B371-DCA304E74584}.Debug|Any CPU.ActiveCfg = Debug|Any CPU
		{613B40CC-3527-446D-B371-DCA304E74584}.Debug|Any CPU.Build.0 = Debug|Any CPU
		{613B40CC-3527-446D-B371-DCA304E74584}.ExportDebug|Any CPU.ActiveCfg = ExportDebug|Any CPU
		{613B40CC-3527-446D-B371-DCA304E74584}.ExportDebug|Any CPU.Build.0 = ExportDebug|Any CPU
		{613B40CC-3527-446D-B371-DCA304E74584}.ExportRelease|Any CPU.ActiveCfg = ExportRelease|Any CPU
		{613B40CC-3527-446D-B371-DCA304E74584}.ExportRelease|Any CPU.Build.0 = ExportRelease|Any CPU
	EndGlobalSection
EndGlobal
